
Microsoft Visual Studio Solution File, Format Version 12.00
# Visual Studio Version 16
VisualStudioVersion = 16.0.30907.101
MinimumVisualStudioVersion = 10.0.40219.1
Project("{FAE04EC0-301F-11D3-BF4B-00C04F79EFBC}") = "GamePlayer", "GamePlayer.csproj", "{5387EC3F-552E-4C5C-88A1-7345756B5317}"
EndProject
Global
	GlobalSection(SolutionConfigurationPlatforms) = preSolution
		Debug|Any CPU = Debug|Any CPU
		Release|Any CPU = Release|Any CPU
	EndGlobalSection
	GlobalSection(ProjectConfigurationPlatforms) = postSolution
		{5387EC3F-552E-4C5C-88A1-7345756B5317}.Debug|Any CPU.ActiveCfg = Debug|Any CPU
		{5387EC3F-552E-4C5C-88A1-7345756B5317}.Debug|Any CPU.Build.0 = Debug|Any CPU
		{5387EC3F-552E-4C5C-88A1-7345756B5317}.Release|Any CPU.ActiveCfg = Release|Any CPU
		{5387EC3F-552E-4C5C-88A1-7345756B5317}.Release|Any CPU.Build.0 = Release|Any CPU
	EndGlobalSection
	GlobalSection(SolutionProperties) = preSolution
		HideSolutionNode = FALSE
	EndGlobalSection
	GlobalSection(ExtensibilityGlobals) = postSolution
		SolutionGuid = {FDAD8425-9195-46D9-A82D-20D19DD71565}
	EndGlobalSection
EndGlobal
